
Microsoft Visual Studio Solution File, Format Version 12.00
# Visual Studio Version 17
VisualStudioVersion = 17.8.34309.116
MinimumVisualStudioVersion = 10.0.40219.1
Project("{FAE04EC0-301F-11D3-BF4B-00C04F79EFBC}") = "Array", "Array\Array.csproj", "{7A9E6DDC-B4B0-4817-8892-B3C9C9C6FF2C}"
EndProject
Global
	GlobalSection(SolutionConfigurationPlatforms) = preSolution
		Debug|Any CPU = Debug|Any CPU
		Release|Any CPU = Release|Any CPU
	EndGlobalSection
	GlobalSection(ProjectConfigurationPlatforms) = postSolution
		{7A9E6DDC-B4B0-4817-8892-B3C9C9C6FF2C}.Debug|Any CPU.ActiveCfg = Debug|Any CPU
		{7A9E6DDC-B4B0-4817-8892-B3C9C9C6FF2C}.Debug|Any CPU.Build.0 = Debug|Any CPU
		{7A9E6DDC-B4B0-4817-8892-B3C9C9C6FF2C}.Release|Any CPU.ActiveCfg = Release|Any CPU
		{7A9E6DDC-B4B0-4817-8892-B3C9C9C6FF2C}.Release|Any CPU.Build.0 = Release|Any CPU
	EndGlobalSection
	GlobalSection(SolutionProperties) = preSolution
		HideSolutionNode = FALSE
	EndGlobalSection
	GlobalSection(ExtensibilityGlobals) = postSolution
		SolutionGuid = {28081622-E018-45A1-84B5-F3D6977BE5C3}
	EndGlobalSection
EndGlobal
