
Microsoft Visual Studio Solution File, Format Version 12.00
# Visual Studio Version 17
VisualStudioVersion = 17.8.34309.116
MinimumVisualStudioVersion = 10.0.40219.1
Project("{9A19103F-16F7-4668-BE54-9A1E7A4F7556}") = "Array", "Array\Array.csproj", "{7A9E6DDC-B4B0-4817-8892-B3C9C9C6FF2C}"
EndProject
Project("{FAE04EC0-301F-11D3-BF4B-00C04F79EFBC}") = "Database", "Database\Database.csproj", "{6BDE678B-314B-4574-935C-1CA874613768}"
EndProject
Project("{FAE04EC0-301F-11D3-BF4B-00C04F79EFBC}") = "String", "String\String.csproj", "{752434F6-2EC2-4761-990E-959849085E4C}"
EndProject
Global
	GlobalSection(SolutionConfigurationPlatforms) = preSolution
		Debug|Any CPU = Debug|Any CPU
		Release|Any CPU = Release|Any CPU
	EndGlobalSection
	GlobalSection(ProjectConfigurationPlatforms) = postSolution
		{7A9E6DDC-B4B0-4817-8892-B3C9C9C6FF2C}.Debug|Any CPU.ActiveCfg = Debug|Any CPU
		{7A9E6DDC-B4B0-4817-8892-B3C9C9C6FF2C}.Debug|Any CPU.Build.0 = Debug|Any CPU
		{7A9E6DDC-B4B0-4817-8892-B3C9C9C6FF2C}.Release|Any CPU.ActiveCfg = Release|Any CPU
		{7A9E6DDC-B4B0-4817-8892-B3C9C9C6FF2C}.Release|Any CPU.Build.0 = Release|Any CPU
		{6BDE678B-314B-4574-935C-1CA874613768}.Debug|Any CPU.ActiveCfg = Debug|Any CPU
		{6BDE678B-314B-4574-935C-1CA874613768}.Debug|Any CPU.Build.0 = Debug|Any CPU
		{6BDE678B-314B-4574-935C-1CA874613768}.Release|Any CPU.ActiveCfg = Release|Any CPU
		{6BDE678B-314B-4574-935C-1CA874613768}.Release|Any CPU.Build.0 = Release|Any CPU
		{752434F6-2EC2-4761-990E-959849085E4C}.Debug|Any CPU.ActiveCfg = Debug|Any CPU
		{752434F6-2EC2-4761-990E-959849085E4C}.Debug|Any CPU.Build.0 = Debug|Any CPU
		{752434F6-2EC2-4761-990E-959849085E4C}.Release|Any CPU.ActiveCfg = Release|Any CPU
		{752434F6-2EC2-4761-990E-959849085E4C}.Release|Any CPU.Build.0 = Release|Any CPU
	EndGlobalSection
	GlobalSection(SolutionProperties) = preSolution
		HideSolutionNode = FALSE
	EndGlobalSection
	GlobalSection(ExtensibilityGlobals) = postSolution
		SolutionGuid = {28081622-E018-45A1-84B5-F3D6977BE5C3}
	EndGlobalSection
EndGlobal
