
Microsoft Visual Studio Solution File, Format Version 12.00
# Visual Studio Version 17
VisualStudioVersion = 17.8.34309.116
MinimumVisualStudioVersion = 10.0.40219.1
Project("{9A19103F-16F7-4668-BE54-9A1E7A4F7556}") = "Array", "Array\Array.csproj", "{7A9E6DDC-B4B0-4817-8892-B3C9C9C6FF2C}"
EndProject
Project("{9A19103F-16F7-4668-BE54-9A1E7A4F7556}") = "Database", "Database\Database.csproj", "{6BDE678B-314B-4574-935C-1CA874613768}"
EndProject
Project("{9A19103F-16F7-4668-BE54-9A1E7A4F7556}") = "String", "String\String.csproj", "{752434F6-2EC2-4761-990E-959849085E4C}"
EndProject
Project("{9A19103F-16F7-4668-BE54-9A1E7A4F7556}") = "Math", "Math\Math.csproj", "{C279F3D2-7C7C-46CE-A96B-88E544429FAF}"
EndProject
Project("{9A19103F-16F7-4668-BE54-9A1E7A4F7556}") = "Design", "Design\Design.csproj", "{8081C75D-9DE7-470E-8AD9-A1054F8844B3}"
EndProject
Project("{9A19103F-16F7-4668-BE54-9A1E7A4F7556}") = "Hash Table", "Hash Table\Hash Table.csproj", "{A3C4EC76-4384-48AE-8C10-81F116CB53BD}"
EndProject
Project("{9A19103F-16F7-4668-BE54-9A1E7A4F7556}") = "Two Pointers", "Two Pointers\Two Pointers.csproj", "{4CB11A71-AC20-4898-B71E-FE11DC61431E}"
EndProject
Project("{9A19103F-16F7-4668-BE54-9A1E7A4F7556}") = "Greedy", "Greedy\Greedy.csproj", "{65C1387D-D02A-465F-B308-6F44A7066E43}"
EndProject
Project("{9A19103F-16F7-4668-BE54-9A1E7A4F7556}") = "Dynamic Programming", "Dynamic Programming\Dynamic Programming.csproj", "{09BDCF2A-7FD3-400A-8BEF-2FF42A88FB37}"
EndProject
Project("{9A19103F-16F7-4668-BE54-9A1E7A4F7556}") = "Linked List", "Linked List\Linked List.csproj", "{6A067FEF-504A-439F-95FA-47E7BECE66DD}"
EndProject
Project("{FAE04EC0-301F-11D3-BF4B-00C04F79EFBC}") = "Counting", "Counting\Counting.csproj", "{6AA830D8-BB48-4C4D-9EEE-D0902CB28ACB}"
EndProject
Project("{FAE04EC0-301F-11D3-BF4B-00C04F79EFBC}") = "Binary Search", "Binary Search\Binary Search.csproj", "{B76808C6-6722-4D76-8027-DB01579958D9}"
EndProject
Global
	GlobalSection(SolutionConfigurationPlatforms) = preSolution
		Debug|Any CPU = Debug|Any CPU
		Release|Any CPU = Release|Any CPU
	EndGlobalSection
	GlobalSection(ProjectConfigurationPlatforms) = postSolution
		{7A9E6DDC-B4B0-4817-8892-B3C9C9C6FF2C}.Debug|Any CPU.ActiveCfg = Debug|Any CPU
		{7A9E6DDC-B4B0-4817-8892-B3C9C9C6FF2C}.Debug|Any CPU.Build.0 = Debug|Any CPU
		{7A9E6DDC-B4B0-4817-8892-B3C9C9C6FF2C}.Release|Any CPU.ActiveCfg = Release|Any CPU
		{7A9E6DDC-B4B0-4817-8892-B3C9C9C6FF2C}.Release|Any CPU.Build.0 = Release|Any CPU
		{6BDE678B-314B-4574-935C-1CA874613768}.Debug|Any CPU.ActiveCfg = Debug|Any CPU
		{6BDE678B-314B-4574-935C-1CA874613768}.Debug|Any CPU.Build.0 = Debug|Any CPU
		{6BDE678B-314B-4574-935C-1CA874613768}.Release|Any CPU.ActiveCfg = Release|Any CPU
		{6BDE678B-314B-4574-935C-1CA874613768}.Release|Any CPU.Build.0 = Release|Any CPU
		{752434F6-2EC2-4761-990E-959849085E4C}.Debug|Any CPU.ActiveCfg = Debug|Any CPU
		{752434F6-2EC2-4761-990E-959849085E4C}.Debug|Any CPU.Build.0 = Debug|Any CPU
		{752434F6-2EC2-4761-990E-959849085E4C}.Release|Any CPU.ActiveCfg = Release|Any CPU
		{752434F6-2EC2-4761-990E-959849085E4C}.Release|Any CPU.Build.0 = Release|Any CPU
		{C279F3D2-7C7C-46CE-A96B-88E544429FAF}.Debug|Any CPU.ActiveCfg = Debug|Any CPU
		{C279F3D2-7C7C-46CE-A96B-88E544429FAF}.Debug|Any CPU.Build.0 = Debug|Any CPU
		{C279F3D2-7C7C-46CE-A96B-88E544429FAF}.Release|Any CPU.ActiveCfg = Release|Any CPU
		{C279F3D2-7C7C-46CE-A96B-88E544429FAF}.Release|Any CPU.Build.0 = Release|Any CPU
		{8081C75D-9DE7-470E-8AD9-A1054F8844B3}.Debug|Any CPU.ActiveCfg = Debug|Any CPU
		{8081C75D-9DE7-470E-8AD9-A1054F8844B3}.Debug|Any CPU.Build.0 = Debug|Any CPU
		{8081C75D-9DE7-470E-8AD9-A1054F8844B3}.Release|Any CPU.ActiveCfg = Release|Any CPU
		{8081C75D-9DE7-470E-8AD9-A1054F8844B3}.Release|Any CPU.Build.0 = Release|Any CPU
		{A3C4EC76-4384-48AE-8C10-81F116CB53BD}.Debug|Any CPU.ActiveCfg = Debug|Any CPU
		{A3C4EC76-4384-48AE-8C10-81F116CB53BD}.Debug|Any CPU.Build.0 = Debug|Any CPU
		{A3C4EC76-4384-48AE-8C10-81F116CB53BD}.Release|Any CPU.ActiveCfg = Release|Any CPU
		{A3C4EC76-4384-48AE-8C10-81F116CB53BD}.Release|Any CPU.Build.0 = Release|Any CPU
		{4CB11A71-AC20-4898-B71E-FE11DC61431E}.Debug|Any CPU.ActiveCfg = Debug|Any CPU
		{4CB11A71-AC20-4898-B71E-FE11DC61431E}.Debug|Any CPU.Build.0 = Debug|Any CPU
		{4CB11A71-AC20-4898-B71E-FE11DC61431E}.Release|Any CPU.ActiveCfg = Release|Any CPU
		{4CB11A71-AC20-4898-B71E-FE11DC61431E}.Release|Any CPU.Build.0 = Release|Any CPU
		{65C1387D-D02A-465F-B308-6F44A7066E43}.Debug|Any CPU.ActiveCfg = Debug|Any CPU
		{65C1387D-D02A-465F-B308-6F44A7066E43}.Debug|Any CPU.Build.0 = Debug|Any CPU
		{65C1387D-D02A-465F-B308-6F44A7066E43}.Release|Any CPU.ActiveCfg = Release|Any CPU
		{65C1387D-D02A-465F-B308-6F44A7066E43}.Release|Any CPU.Build.0 = Release|Any CPU
		{09BDCF2A-7FD3-400A-8BEF-2FF42A88FB37}.Debug|Any CPU.ActiveCfg = Debug|Any CPU
		{09BDCF2A-7FD3-400A-8BEF-2FF42A88FB37}.Debug|Any CPU.Build.0 = Debug|Any CPU
		{09BDCF2A-7FD3-400A-8BEF-2FF42A88FB37}.Release|Any CPU.ActiveCfg = Release|Any CPU
		{09BDCF2A-7FD3-400A-8BEF-2FF42A88FB37}.Release|Any CPU.Build.0 = Release|Any CPU
		{6A067FEF-504A-439F-95FA-47E7BECE66DD}.Debug|Any CPU.ActiveCfg = Debug|Any CPU
		{6A067FEF-504A-439F-95FA-47E7BECE66DD}.Debug|Any CPU.Build.0 = Debug|Any CPU
		{6A067FEF-504A-439F-95FA-47E7BECE66DD}.Release|Any CPU.ActiveCfg = Release|Any CPU
		{6A067FEF-504A-439F-95FA-47E7BECE66DD}.Release|Any CPU.Build.0 = Release|Any CPU
		{6AA830D8-BB48-4C4D-9EEE-D0902CB28ACB}.Debug|Any CPU.ActiveCfg = Debug|Any CPU
		{6AA830D8-BB48-4C4D-9EEE-D0902CB28ACB}.Debug|Any CPU.Build.0 = Debug|Any CPU
		{6AA830D8-BB48-4C4D-9EEE-D0902CB28ACB}.Release|Any CPU.ActiveCfg = Release|Any CPU
		{6AA830D8-BB48-4C4D-9EEE-D0902CB28ACB}.Release|Any CPU.Build.0 = Release|Any CPU
		{B76808C6-6722-4D76-8027-DB01579958D9}.Debug|Any CPU.ActiveCfg = Debug|Any CPU
		{B76808C6-6722-4D76-8027-DB01579958D9}.Debug|Any CPU.Build.0 = Debug|Any CPU
		{B76808C6-6722-4D76-8027-DB01579958D9}.Release|Any CPU.ActiveCfg = Release|Any CPU
		{B76808C6-6722-4D76-8027-DB01579958D9}.Release|Any CPU.Build.0 = Release|Any CPU
	EndGlobalSection
	GlobalSection(SolutionProperties) = preSolution
		HideSolutionNode = FALSE
	EndGlobalSection
	GlobalSection(ExtensibilityGlobals) = postSolution
		SolutionGuid = {28081622-E018-45A1-84B5-F3D6977BE5C3}
	EndGlobalSection
EndGlobal
